<?xml version="1.0" encoding="utf-8"?>
<Project ToolsVersion="4.0" xmlns="http://schemas.microsoft.com/developer/msbuild/2003">
  <ItemGroup>
    <Filter Include="Header">
      <UniqueIdentifier>{93995380-89BD-4b04-88EB-625FBE52EBFB}</UniqueIdentifier>
      <Extensions>h;hh;hpp;hxx;h++;hm;inl;inc;ipp;xsd</Extensions>
    </Filter>
    <Filter Include="Source">
      <UniqueIdentifier>{4FC737F1-C7A5-4376-A066-2A32D752A2FF}</UniqueIdentifier>
      <Extensions>cpp;c;cc;cxx;c++;cppm;ixx;def;odl;idl;hpj;bat;asm;asmx</Extensions>
    </Filter>
  </ItemGroup>
  <ItemGroup>
    <ClCompile Include="Redirector.cpp">
      <Filter>Source</Filter>
    </ClCompile>
    <ClCompile Include="EventHandler.cpp">
      <Filter>Source</Filter>
    </ClCompile>
    <ClCompile Include="IPEventHandler.cpp">
      <Filter>Source</Filter>
    </ClCompile>
    <ClCompile Include="Based.cpp">
      <Filter>Source</Filter>
    </ClCompile>
    <ClCompile Include="Utils.cpp">
      <Filter>Source</Filter>
    </ClCompile>
    <ClCompile Include="SocksHelper.cpp">
      <Filter>Source</Filter>
    </ClCompile>
    <ClCompile Include="TCPHandler.cpp">
      <Filter>Source</Filter>
    </ClCompile>
    <ClCompile Include="DNSHandler.cpp">
      <Filter>Source</Filter>
    </ClCompile>
  </ItemGroup>
  <ItemGroup>
    <ClInclude Include="EventHandler.h">
      <Filter>Header</Filter>
    </ClInclude>
    <ClInclude Include="IPEventHandler.h">
      <Filter>Header</Filter>
    </ClInclude>
    <ClInclude Include="Based.h">
      <Filter>Header</Filter>
    </ClInclude>
    <ClInclude Include="Utils.h">
      <Filter>Header</Filter>
    </ClInclude>
    <ClInclude Include="SocksHelper.h">
      <Filter>Header</Filter>
    </ClInclude>
    <ClInclude Include="TCPHandler.h">
      <Filter>Header</Filter>
    </ClInclude>
    <ClInclude Include="DNSHandler.h">
      <Filter>Header</Filter>
    </ClInclude>
  </ItemGroup>
</Project>