
Microsoft Visual Studio Solution File, Format Version 12.00
# Visual Studio Version 16
VisualStudioVersion = 16.0.29009.5
MinimumVisualStudioVersion = 10.0.40219.1
Project("{9A19103F-16F7-4668-BE54-9A1E7A4F7556}") = "Netch", "Netch\Netch.csproj", "{4B041B91-5790-4571-8C58-C63FFE4BC9F8}"
EndProject
Project("{9A19103F-16F7-4668-BE54-9A1E7A4F7556}") = "NetchLib", "NetchLib\NetchLib.csproj", "{A8715AF4-ACC6-43F9-9381-4294C5360623}"
EndProject
Project("{9A19103F-16F7-4668-BE54-9A1E7A4F7556}") = "NetchUpdater", "NetchUpdater\NetchUpdater.csproj", "{828318A8-9B90-4A5F-BD6B-E632CC9D8933}"
EndProject
Project("{9A19103F-16F7-4668-BE54-9A1E7A4F7556}") = "Test", "Test\Test.csproj", "{53397641-35CA-4336-8E22-2CE12EF476AC}"
EndProject
Global
	GlobalSection(SolutionConfigurationPlatforms) = preSolution
		Debug|x64 = Debug|x64
		Release|x64 = Release|x64
	EndGlobalSection
	GlobalSection(ProjectConfigurationPlatforms) = postSolution
		{4B041B91-5790-4571-8C58-C63FFE4BC9F8}.Debug|x64.ActiveCfg = Debug|x64
		{4B041B91-5790-4571-8C58-C63FFE4BC9F8}.Debug|x64.Build.0 = Debug|x64
		{4B041B91-5790-4571-8C58-C63FFE4BC9F8}.Release|x64.ActiveCfg = Release|x64
		{4B041B91-5790-4571-8C58-C63FFE4BC9F8}.Release|x64.Build.0 = Release|x64
		{A8715AF4-ACC6-43F9-9381-4294C5360623}.Debug|x64.ActiveCfg = Debug|x64
		{A8715AF4-ACC6-43F9-9381-4294C5360623}.Debug|x64.Build.0 = Debug|x64
		{A8715AF4-ACC6-43F9-9381-4294C5360623}.Release|x64.ActiveCfg = Release|x64
		{A8715AF4-ACC6-43F9-9381-4294C5360623}.Release|x64.Build.0 = Release|x64
		{828318A8-9B90-4A5F-BD6B-E632CC9D8933}.Debug|x64.ActiveCfg = Debug|x64
		{828318A8-9B90-4A5F-BD6B-E632CC9D8933}.Debug|x64.Build.0 = Debug|x64
		{828318A8-9B90-4A5F-BD6B-E632CC9D8933}.Release|x64.ActiveCfg = Release|x64
		{828318A8-9B90-4A5F-BD6B-E632CC9D8933}.Release|x64.Build.0 = Release|x64
		{53397641-35CA-4336-8E22-2CE12EF476AC}.Debug|x64.ActiveCfg = Debug|x64
		{53397641-35CA-4336-8E22-2CE12EF476AC}.Debug|x64.Build.0 = Debug|x64
		{53397641-35CA-4336-8E22-2CE12EF476AC}.Release|x64.ActiveCfg = Release|x64
	EndGlobalSection
	GlobalSection(SolutionProperties) = preSolution
		HideSolutionNode = FALSE
	EndGlobalSection
	GlobalSection(ExtensibilityGlobals) = postSolution
		SolutionGuid = {6EC9B043-ACA5-4BB9-96DB-493A2EF6E43F}
	EndGlobalSection
EndGlobal
